
Microsoft Visual Studio Solution File, Format Version 12.00
# Visual Studio Version 16
VisualStudioVersion = 16.0.30517.126
MinimumVisualStudioVersion = 10.0.40219.1
Project("{2150E333-8FDC-42A3-9474-1A3956D46DE8}") = "Presentation", "Presentation", "{F9D3DCB4-60A2-463F-87D3-2130507C716A}"
EndProject
Project("{FAE04EC0-301F-11D3-BF4B-00C04F79EFBC}") = "WebUI", "WebUI\WebUI.csproj", "{3D6EB19A-7278-4E0B-96E8-BB6587F460F7}"
EndProject
Global
	GlobalSection(SolutionConfigurationPlatforms) = preSolution
		Debug|Any CPU = Debug|Any CPU
		Release|Any CPU = Release|Any CPU
	EndGlobalSection
	GlobalSection(ProjectConfigurationPlatforms) = postSolution
		{3D6EB19A-7278-4E0B-96E8-BB6587F460F7}.Debug|Any CPU.ActiveCfg = Debug|Any CPU
		{3D6EB19A-7278-4E0B-96E8-BB6587F460F7}.Debug|Any CPU.Build.0 = Debug|Any CPU
		{3D6EB19A-7278-4E0B-96E8-BB6587F460F7}.Release|Any CPU.ActiveCfg = Release|Any CPU
		{3D6EB19A-7278-4E0B-96E8-BB6587F460F7}.Release|Any CPU.Build.0 = Release|Any CPU
	EndGlobalSection
	GlobalSection(SolutionProperties) = preSolution
		HideSolutionNode = FALSE
	EndGlobalSection
	GlobalSection(NestedProjects) = preSolution
		{3D6EB19A-7278-4E0B-96E8-BB6587F460F7} = {F9D3DCB4-60A2-463F-87D3-2130507C716A}
	EndGlobalSection
	GlobalSection(ExtensibilityGlobals) = postSolution
		SolutionGuid = {D591C4D8-1D7E-4147-979E-9A8D87F18B21}
	EndGlobalSection
EndGlobal
